
Microsoft Visual Studio Solution File, Format Version 12.00
# Visual Studio 15
VisualStudioVersion = 15.0.27428.2002
MinimumVisualStudioVersion = 10.0.40219.1
Project("{FAE04EC0-301F-11D3-BF4B-00C04F79EFBC}") = "MorseToLight.Android", "MorseToLight\MorseToLight.Android\MorseToLight.Android.csproj", "{F6F0FA7F-B543-4C0A-B7BA-2C997E819D44}"
EndProject
Project("{FAE04EC0-301F-11D3-BF4B-00C04F79EFBC}") = "MorseToLight", "MorseToLight\MorseToLight\MorseToLight.csproj", "{638FEA18-F958-4CA0-AB42-1843BA34B007}"
EndProject
Global
	GlobalSection(SolutionConfigurationPlatforms) = preSolution
		Debug|Any CPU = Debug|Any CPU
		Release|Any CPU = Release|Any CPU
	EndGlobalSection
	GlobalSection(ProjectConfigurationPlatforms) = postSolution
		{F6F0FA7F-B543-4C0A-B7BA-2C997E819D44}.Debug|Any CPU.ActiveCfg = Debug|Any CPU
		{F6F0FA7F-B543-4C0A-B7BA-2C997E819D44}.Debug|Any CPU.Build.0 = Debug|Any CPU
		{F6F0FA7F-B543-4C0A-B7BA-2C997E819D44}.Debug|Any CPU.Deploy.0 = Debug|Any CPU
		{F6F0FA7F-B543-4C0A-B7BA-2C997E819D44}.Release|Any CPU.ActiveCfg = Release|Any CPU
		{F6F0FA7F-B543-4C0A-B7BA-2C997E819D44}.Release|Any CPU.Build.0 = Release|Any CPU
		{F6F0FA7F-B543-4C0A-B7BA-2C997E819D44}.Release|Any CPU.Deploy.0 = Release|Any CPU
		{638FEA18-F958-4CA0-AB42-1843BA34B007}.Debug|Any CPU.ActiveCfg = Debug|Any CPU
		{638FEA18-F958-4CA0-AB42-1843BA34B007}.Debug|Any CPU.Build.0 = Debug|Any CPU
		{638FEA18-F958-4CA0-AB42-1843BA34B007}.Release|Any CPU.ActiveCfg = Release|Any CPU
		{638FEA18-F958-4CA0-AB42-1843BA34B007}.Release|Any CPU.Build.0 = Release|Any CPU
	EndGlobalSection
	GlobalSection(SolutionProperties) = preSolution
		HideSolutionNode = FALSE
	EndGlobalSection
	GlobalSection(ExtensibilityGlobals) = postSolution
		SolutionGuid = {A50A2BB6-047D-447E-AFEE-F2369C7591F5}
	EndGlobalSection
EndGlobal
